
Microsoft Visual Studio Solution File, Format Version 12.00
# Visual Studio Version 17
VisualStudioVersion = 17.0.31903.59
MinimumVisualStudioVersion = 10.0.40219.1
Project("{2150E333-8FDC-42A3-9474-1A3956D46DE8}") = "src", "src", "{827E0CD3-B72D-47B6-A68D-7590B98EB39B}"
EndProject
Project("{FAE04EC0-301F-11D3-BF4B-00C04F79EFBC}") = "Intentum.Core", "src\Intentum.Core\Intentum.Core.csproj", "{A6AD88A8-DA3D-4AF4-83D4-66AC2DBBCDCF}"
EndProject
Project("{FAE04EC0-301F-11D3-BF4B-00C04F79EFBC}") = "Intentum.Runtime", "src\Intentum.Runtime\Intentum.Runtime.csproj", "{08F2C0E8-C302-4EAD-8420-DC4154E4CC1C}"
EndProject
Project("{FAE04EC0-301F-11D3-BF4B-00C04F79EFBC}") = "Intentum.AI", "src\Intentum.AI\Intentum.AI.csproj", "{632225F7-FABC-4220-BA66-99BF05CAEAB7}"
EndProject
Project("{FAE04EC0-301F-11D3-BF4B-00C04F79EFBC}") = "Intentum.AI.OpenAI", "src\Intentum.AI.OpenAI\Intentum.AI.OpenAI.csproj", "{A54E1B67-3993-47C1-9AD4-6DD7E35E3DDC}"
EndProject
Project("{2150E333-8FDC-42A3-9474-1A3956D46DE8}") = "samples", "samples", "{5D20AA90-6969-D8BD-9DCD-8634F4692FDA}"
EndProject
Project("{FAE04EC0-301F-11D3-BF4B-00C04F79EFBC}") = "Intentum.Sample", "samples\Intentum.Sample\Intentum.Sample.csproj", "{021368AA-F5FC-44DC-8B9B-16FF751AD698}"
EndProject
Project("{2150E333-8FDC-42A3-9474-1A3956D46DE8}") = "tests", "tests", "{0AB3BF05-4346-4AA6-1389-037BE0695223}"
EndProject
Project("{FAE04EC0-301F-11D3-BF4B-00C04F79EFBC}") = "Intentum.Tests", "tests\Intentum.Tests\Intentum.Tests.csproj", "{712AC618-4D3F-4B01-B06C-3834B411CAC6}"
EndProject
Project("{FAE04EC0-301F-11D3-BF4B-00C04F79EFBC}") = "Intentum.AI.Gemini", "src\Intentum.AI.Gemini\Intentum.AI.Gemini.csproj", "{973AE1A0-B36A-41B0-ADA2-5B7903705EC4}"
EndProject
Project("{FAE04EC0-301F-11D3-BF4B-00C04F79EFBC}") = "Intentum.AI.Claude", "src\Intentum.AI.Claude\Intentum.AI.Claude.csproj", "{F2A43E51-36A0-4236-AADD-2C784BF24EEB}"
EndProject
Project("{FAE04EC0-301F-11D3-BF4B-00C04F79EFBC}") = "Intentum.AI.Mistral", "src\Intentum.AI.Mistral\Intentum.AI.Mistral.csproj", "{861836C9-E22C-4DAF-97A7-03D85D40FABC}"
EndProject
Project("{FAE04EC0-301F-11D3-BF4B-00C04F79EFBC}") = "Intentum.AI.AzureOpenAI", "src\Intentum.AI.AzureOpenAI\Intentum.AI.AzureOpenAI.csproj", "{0DCB8984-AB41-49AF-8B6E-A73942AB7DC1}"
EndProject
Global
	GlobalSection(SolutionConfigurationPlatforms) = preSolution
		Debug|Any CPU = Debug|Any CPU
		Debug|x64 = Debug|x64
		Debug|x86 = Debug|x86
		Release|Any CPU = Release|Any CPU
		Release|x64 = Release|x64
		Release|x86 = Release|x86
	EndGlobalSection
	GlobalSection(ProjectConfigurationPlatforms) = postSolution
		{A6AD88A8-DA3D-4AF4-83D4-66AC2DBBCDCF}.Debug|Any CPU.ActiveCfg = Debug|Any CPU
		{A6AD88A8-DA3D-4AF4-83D4-66AC2DBBCDCF}.Debug|Any CPU.Build.0 = Debug|Any CPU
		{A6AD88A8-DA3D-4AF4-83D4-66AC2DBBCDCF}.Debug|x64.ActiveCfg = Debug|Any CPU
		{A6AD88A8-DA3D-4AF4-83D4-66AC2DBBCDCF}.Debug|x64.Build.0 = Debug|Any CPU
		{A6AD88A8-DA3D-4AF4-83D4-66AC2DBBCDCF}.Debug|x86.ActiveCfg = Debug|Any CPU
		{A6AD88A8-DA3D-4AF4-83D4-66AC2DBBCDCF}.Debug|x86.Build.0 = Debug|Any CPU
		{A6AD88A8-DA3D-4AF4-83D4-66AC2DBBCDCF}.Release|Any CPU.ActiveCfg = Release|Any CPU
		{A6AD88A8-DA3D-4AF4-83D4-66AC2DBBCDCF}.Release|Any CPU.Build.0 = Release|Any CPU
		{A6AD88A8-DA3D-4AF4-83D4-66AC2DBBCDCF}.Release|x64.ActiveCfg = Release|Any CPU
		{A6AD88A8-DA3D-4AF4-83D4-66AC2DBBCDCF}.Release|x64.Build.0 = Release|Any CPU
		{A6AD88A8-DA3D-4AF4-83D4-66AC2DBBCDCF}.Release|x86.ActiveCfg = Release|Any CPU
		{A6AD88A8-DA3D-4AF4-83D4-66AC2DBBCDCF}.Release|x86.Build.0 = Release|Any CPU
		{08F2C0E8-C302-4EAD-8420-DC4154E4CC1C}.Debug|Any CPU.ActiveCfg = Debug|Any CPU
		{08F2C0E8-C302-4EAD-8420-DC4154E4CC1C}.Debug|Any CPU.Build.0 = Debug|Any CPU
		{08F2C0E8-C302-4EAD-8420-DC4154E4CC1C}.Debug|x64.ActiveCfg = Debug|Any CPU
		{08F2C0E8-C302-4EAD-8420-DC4154E4CC1C}.Debug|x64.Build.0 = Debug|Any CPU
		{08F2C0E8-C302-4EAD-8420-DC4154E4CC1C}.Debug|x86.ActiveCfg = Debug|Any CPU
		{08F2C0E8-C302-4EAD-8420-DC4154E4CC1C}.Debug|x86.Build.0 = Debug|Any CPU
		{08F2C0E8-C302-4EAD-8420-DC4154E4CC1C}.Release|Any CPU.ActiveCfg = Release|Any CPU
		{08F2C0E8-C302-4EAD-8420-DC4154E4CC1C}.Release|Any CPU.Build.0 = Release|Any CPU
		{08F2C0E8-C302-4EAD-8420-DC4154E4CC1C}.Release|x64.ActiveCfg = Release|Any CPU
		{08F2C0E8-C302-4EAD-8420-DC4154E4CC1C}.Release|x64.Build.0 = Release|Any CPU
		{08F2C0E8-C302-4EAD-8420-DC4154E4CC1C}.Release|x86.ActiveCfg = Release|Any CPU
		{08F2C0E8-C302-4EAD-8420-DC4154E4CC1C}.Release|x86.Build.0 = Release|Any CPU
		{632225F7-FABC-4220-BA66-99BF05CAEAB7}.Debug|Any CPU.ActiveCfg = Debug|Any CPU
		{632225F7-FABC-4220-BA66-99BF05CAEAB7}.Debug|Any CPU.Build.0 = Debug|Any CPU
		{632225F7-FABC-4220-BA66-99BF05CAEAB7}.Debug|x64.ActiveCfg = Debug|Any CPU
		{632225F7-FABC-4220-BA66-99BF05CAEAB7}.Debug|x64.Build.0 = Debug|Any CPU
		{632225F7-FABC-4220-BA66-99BF05CAEAB7}.Debug|x86.ActiveCfg = Debug|Any CPU
		{632225F7-FABC-4220-BA66-99BF05CAEAB7}.Debug|x86.Build.0 = Debug|Any CPU
		{632225F7-FABC-4220-BA66-99BF05CAEAB7}.Release|Any CPU.ActiveCfg = Release|Any CPU
		{632225F7-FABC-4220-BA66-99BF05CAEAB7}.Release|Any CPU.Build.0 = Release|Any CPU
		{632225F7-FABC-4220-BA66-99BF05CAEAB7}.Release|x64.ActiveCfg = Release|Any CPU
		{632225F7-FABC-4220-BA66-99BF05CAEAB7}.Release|x64.Build.0 = Release|Any CPU
		{632225F7-FABC-4220-BA66-99BF05CAEAB7}.Release|x86.ActiveCfg = Release|Any CPU
		{632225F7-FABC-4220-BA66-99BF05CAEAB7}.Release|x86.Build.0 = Release|Any CPU
		{A54E1B67-3993-47C1-9AD4-6DD7E35E3DDC}.Debug|Any CPU.ActiveCfg = Debug|Any CPU
		{A54E1B67-3993-47C1-9AD4-6DD7E35E3DDC}.Debug|Any CPU.Build.0 = Debug|Any CPU
		{A54E1B67-3993-47C1-9AD4-6DD7E35E3DDC}.Debug|x64.ActiveCfg = Debug|Any CPU
		{A54E1B67-3993-47C1-9AD4-6DD7E35E3DDC}.Debug|x64.Build.0 = Debug|Any CPU
		{A54E1B67-3993-47C1-9AD4-6DD7E35E3DDC}.Debug|x86.ActiveCfg = Debug|Any CPU
		{A54E1B67-3993-47C1-9AD4-6DD7E35E3DDC}.Debug|x86.Build.0 = Debug|Any CPU
		{A54E1B67-3993-47C1-9AD4-6DD7E35E3DDC}.Release|Any CPU.ActiveCfg = Release|Any CPU
		{A54E1B67-3993-47C1-9AD4-6DD7E35E3DDC}.Release|Any CPU.Build.0 = Release|Any CPU
		{A54E1B67-3993-47C1-9AD4-6DD7E35E3DDC}.Release|x64.ActiveCfg = Release|Any CPU
		{A54E1B67-3993-47C1-9AD4-6DD7E35E3DDC}.Release|x64.Build.0 = Release|Any CPU
		{A54E1B67-3993-47C1-9AD4-6DD7E35E3DDC}.Release|x86.ActiveCfg = Release|Any CPU
		{A54E1B67-3993-47C1-9AD4-6DD7E35E3DDC}.Release|x86.Build.0 = Release|Any CPU
		{021368AA-F5FC-44DC-8B9B-16FF751AD698}.Debug|Any CPU.ActiveCfg = Debug|Any CPU
		{021368AA-F5FC-44DC-8B9B-16FF751AD698}.Debug|Any CPU.Build.0 = Debug|Any CPU
		{021368AA-F5FC-44DC-8B9B-16FF751AD698}.Debug|x64.ActiveCfg = Debug|Any CPU
		{021368AA-F5FC-44DC-8B9B-16FF751AD698}.Debug|x64.Build.0 = Debug|Any CPU
		{021368AA-F5FC-44DC-8B9B-16FF751AD698}.Debug|x86.ActiveCfg = Debug|Any CPU
		{021368AA-F5FC-44DC-8B9B-16FF751AD698}.Debug|x86.Build.0 = Debug|Any CPU
		{021368AA-F5FC-44DC-8B9B-16FF751AD698}.Release|Any CPU.ActiveCfg = Release|Any CPU
		{021368AA-F5FC-44DC-8B9B-16FF751AD698}.Release|Any CPU.Build.0 = Release|Any CPU
		{021368AA-F5FC-44DC-8B9B-16FF751AD698}.Release|x64.ActiveCfg = Release|Any CPU
		{021368AA-F5FC-44DC-8B9B-16FF751AD698}.Release|x64.Build.0 = Release|Any CPU
		{021368AA-F5FC-44DC-8B9B-16FF751AD698}.Release|x86.ActiveCfg = Release|Any CPU
		{021368AA-F5FC-44DC-8B9B-16FF751AD698}.Release|x86.Build.0 = Release|Any CPU
		{712AC618-4D3F-4B01-B06C-3834B411CAC6}.Debug|Any CPU.ActiveCfg = Debug|Any CPU
		{712AC618-4D3F-4B01-B06C-3834B411CAC6}.Debug|Any CPU.Build.0 = Debug|Any CPU
		{712AC618-4D3F-4B01-B06C-3834B411CAC6}.Debug|x64.ActiveCfg = Debug|Any CPU
		{712AC618-4D3F-4B01-B06C-3834B411CAC6}.Debug|x64.Build.0 = Debug|Any CPU
		{712AC618-4D3F-4B01-B06C-3834B411CAC6}.Debug|x86.ActiveCfg = Debug|Any CPU
		{712AC618-4D3F-4B01-B06C-3834B411CAC6}.Debug|x86.Build.0 = Debug|Any CPU
		{712AC618-4D3F-4B01-B06C-3834B411CAC6}.Release|Any CPU.ActiveCfg = Release|Any CPU
		{712AC618-4D3F-4B01-B06C-3834B411CAC6}.Release|Any CPU.Build.0 = Release|Any CPU
		{712AC618-4D3F-4B01-B06C-3834B411CAC6}.Release|x64.ActiveCfg = Release|Any CPU
		{712AC618-4D3F-4B01-B06C-3834B411CAC6}.Release|x64.Build.0 = Release|Any CPU
		{712AC618-4D3F-4B01-B06C-3834B411CAC6}.Release|x86.ActiveCfg = Release|Any CPU
		{712AC618-4D3F-4B01-B06C-3834B411CAC6}.Release|x86.Build.0 = Release|Any CPU
		{973AE1A0-B36A-41B0-ADA2-5B7903705EC4}.Debug|Any CPU.ActiveCfg = Debug|Any CPU
		{973AE1A0-B36A-41B0-ADA2-5B7903705EC4}.Debug|Any CPU.Build.0 = Debug|Any CPU
		{973AE1A0-B36A-41B0-ADA2-5B7903705EC4}.Debug|x64.ActiveCfg = Debug|Any CPU
		{973AE1A0-B36A-41B0-ADA2-5B7903705EC4}.Debug|x64.Build.0 = Debug|Any CPU
		{973AE1A0-B36A-41B0-ADA2-5B7903705EC4}.Debug|x86.ActiveCfg = Debug|Any CPU
		{973AE1A0-B36A-41B0-ADA2-5B7903705EC4}.Debug|x86.Build.0 = Debug|Any CPU
		{973AE1A0-B36A-41B0-ADA2-5B7903705EC4}.Release|Any CPU.ActiveCfg = Release|Any CPU
		{973AE1A0-B36A-41B0-ADA2-5B7903705EC4}.Release|Any CPU.Build.0 = Release|Any CPU
		{973AE1A0-B36A-41B0-ADA2-5B7903705EC4}.Release|x64.ActiveCfg = Release|Any CPU
		{973AE1A0-B36A-41B0-ADA2-5B7903705EC4}.Release|x64.Build.0 = Release|Any CPU
		{973AE1A0-B36A-41B0-ADA2-5B7903705EC4}.Release|x86.ActiveCfg = Release|Any CPU
		{973AE1A0-B36A-41B0-ADA2-5B7903705EC4}.Release|x86.Build.0 = Release|Any CPU
		{F2A43E51-36A0-4236-AADD-2C784BF24EEB}.Debug|Any CPU.ActiveCfg = Debug|Any CPU
		{F2A43E51-36A0-4236-AADD-2C784BF24EEB}.Debug|Any CPU.Build.0 = Debug|Any CPU
		{F2A43E51-36A0-4236-AADD-2C784BF24EEB}.Debug|x64.ActiveCfg = Debug|Any CPU
		{F2A43E51-36A0-4236-AADD-2C784BF24EEB}.Debug|x64.Build.0 = Debug|Any CPU
		{F2A43E51-36A0-4236-AADD-2C784BF24EEB}.Debug|x86.ActiveCfg = Debug|Any CPU
		{F2A43E51-36A0-4236-AADD-2C784BF24EEB}.Debug|x86.Build.0 = Debug|Any CPU
		{F2A43E51-36A0-4236-AADD-2C784BF24EEB}.Release|Any CPU.ActiveCfg = Release|Any CPU
		{F2A43E51-36A0-4236-AADD-2C784BF24EEB}.Release|Any CPU.Build.0 = Release|Any CPU
		{F2A43E51-36A0-4236-AADD-2C784BF24EEB}.Release|x64.ActiveCfg = Release|Any CPU
		{F2A43E51-36A0-4236-AADD-2C784BF24EEB}.Release|x64.Build.0 = Release|Any CPU
		{F2A43E51-36A0-4236-AADD-2C784BF24EEB}.Release|x86.ActiveCfg = Release|Any CPU
		{F2A43E51-36A0-4236-AADD-2C784BF24EEB}.Release|x86.Build.0 = Release|Any CPU
		{861836C9-E22C-4DAF-97A7-03D85D40FABC}.Debug|Any CPU.ActiveCfg = Debug|Any CPU
		{861836C9-E22C-4DAF-97A7-03D85D40FABC}.Debug|Any CPU.Build.0 = Debug|Any CPU
		{861836C9-E22C-4DAF-97A7-03D85D40FABC}.Debug|x64.ActiveCfg = Debug|Any CPU
		{861836C9-E22C-4DAF-97A7-03D85D40FABC}.Debug|x64.Build.0 = Debug|Any CPU
		{861836C9-E22C-4DAF-97A7-03D85D40FABC}.Debug|x86.ActiveCfg = Debug|Any CPU
		{861836C9-E22C-4DAF-97A7-03D85D40FABC}.Debug|x86.Build.0 = Debug|Any CPU
		{861836C9-E22C-4DAF-97A7-03D85D40FABC}.Release|Any CPU.ActiveCfg = Release|Any CPU
		{861836C9-E22C-4DAF-97A7-03D85D40FABC}.Release|Any CPU.Build.0 = Release|Any CPU
		{861836C9-E22C-4DAF-97A7-03D85D40FABC}.Release|x64.ActiveCfg = Release|Any CPU
		{861836C9-E22C-4DAF-97A7-03D85D40FABC}.Release|x64.Build.0 = Release|Any CPU
		{861836C9-E22C-4DAF-97A7-03D85D40FABC}.Release|x86.ActiveCfg = Release|Any CPU
		{861836C9-E22C-4DAF-97A7-03D85D40FABC}.Release|x86.Build.0 = Release|Any CPU
		{0DCB8984-AB41-49AF-8B6E-A73942AB7DC1}.Debug|Any CPU.ActiveCfg = Debug|Any CPU
		{0DCB8984-AB41-49AF-8B6E-A73942AB7DC1}.Debug|Any CPU.Build.0 = Debug|Any CPU
		{0DCB8984-AB41-49AF-8B6E-A73942AB7DC1}.Debug|x64.ActiveCfg = Debug|Any CPU
		{0DCB8984-AB41-49AF-8B6E-A73942AB7DC1}.Debug|x64.Build.0 = Debug|Any CPU
		{0DCB8984-AB41-49AF-8B6E-A73942AB7DC1}.Debug|x86.ActiveCfg = Debug|Any CPU
		{0DCB8984-AB41-49AF-8B6E-A73942AB7DC1}.Debug|x86.Build.0 = Debug|Any CPU
		{0DCB8984-AB41-49AF-8B6E-A73942AB7DC1}.Release|Any CPU.ActiveCfg = Release|Any CPU
		{0DCB8984-AB41-49AF-8B6E-A73942AB7DC1}.Release|Any CPU.Build.0 = Release|Any CPU
		{0DCB8984-AB41-49AF-8B6E-A73942AB7DC1}.Release|x64.ActiveCfg = Release|Any CPU
		{0DCB8984-AB41-49AF-8B6E-A73942AB7DC1}.Release|x64.Build.0 = Release|Any CPU
		{0DCB8984-AB41-49AF-8B6E-A73942AB7DC1}.Release|x86.ActiveCfg = Release|Any CPU
		{0DCB8984-AB41-49AF-8B6E-A73942AB7DC1}.Release|x86.Build.0 = Release|Any CPU
	EndGlobalSection
	GlobalSection(SolutionProperties) = preSolution
		HideSolutionNode = FALSE
	EndGlobalSection
	GlobalSection(NestedProjects) = preSolution
		{A6AD88A8-DA3D-4AF4-83D4-66AC2DBBCDCF} = {827E0CD3-B72D-47B6-A68D-7590B98EB39B}
		{08F2C0E8-C302-4EAD-8420-DC4154E4CC1C} = {827E0CD3-B72D-47B6-A68D-7590B98EB39B}
		{632225F7-FABC-4220-BA66-99BF05CAEAB7} = {827E0CD3-B72D-47B6-A68D-7590B98EB39B}
		{A54E1B67-3993-47C1-9AD4-6DD7E35E3DDC} = {827E0CD3-B72D-47B6-A68D-7590B98EB39B}
		{021368AA-F5FC-44DC-8B9B-16FF751AD698} = {5D20AA90-6969-D8BD-9DCD-8634F4692FDA}
		{712AC618-4D3F-4B01-B06C-3834B411CAC6} = {0AB3BF05-4346-4AA6-1389-037BE0695223}
		{973AE1A0-B36A-41B0-ADA2-5B7903705EC4} = {827E0CD3-B72D-47B6-A68D-7590B98EB39B}
		{F2A43E51-36A0-4236-AADD-2C784BF24EEB} = {827E0CD3-B72D-47B6-A68D-7590B98EB39B}
		{861836C9-E22C-4DAF-97A7-03D85D40FABC} = {827E0CD3-B72D-47B6-A68D-7590B98EB39B}
		{0DCB8984-AB41-49AF-8B6E-A73942AB7DC1} = {827E0CD3-B72D-47B6-A68D-7590B98EB39B}
	EndGlobalSection
EndGlobal
